// !$*UTF8*$!
{
	archiveVersion = 1;
	classes = {
	};
	objectVersion = 46;
	objects = {

/* Begin PBXBuildFile section */
		BB61F5541C68DFBC00575073 /* main.m in Sources */ = {isa = PBXBuildFile; fileRef = BB61F5531C68DFBC00575073 /* main.m */; };
		BB61F5571C68DFBC00575073 /* AppDelegate.m in Sources */ = {isa = PBXBuildFile; fileRef = BB61F5561C68DFBC00575073 /* AppDelegate.m */; };
		BB61F55A1C68DFBC00575073 /* GameScene.m in Sources */ = {isa = PBXBuildFile; fileRef = BB61F5591C68DFBC00575073 /* GameScene.m */; };
		BB61F55C1C68DFBC00575073 /* GameScene.sks in Resources */ = {isa = PBXBuildFile; fileRef = BB61F55B1C68DFBC00575073 /* GameScene.sks */; };
		BB61F55F1C68DFBC00575073 /* GameViewController.m in Sources */ = {isa = PBXBuildFile; fileRef = BB61F55E1C68DFBC00575073 /* GameViewController.m */; };
		BB61F5621C68DFBC00575073 /* Main.storyboard in Resources */ = {isa = PBXBuildFile; fileRef = BB61F5601C68DFBC00575073 /* Main.storyboard */; };
		BB61F5641C68DFBC00575073 /* Assets.xcassets in Resources */ = {isa = PBXBuildFile; fileRef = BB61F5631C68DFBC00575073 /* Assets.xcassets */; };
		BB61F5671C68DFBC00575073 /* LaunchScreen.storyboard in Resources */ = {isa = PBXBuildFile; fileRef = BB61F5651C68DFBC00575073 /* LaunchScreen.storyboard */; };
		BB61F5721C68DFBC00575073 /* SpriteKitTestTests.m in Sources */ = {isa = PBXBuildFile; fileRef = BB61F5711C68DFBC00575073 /* SpriteKitTestTests.m */; };
		BB61F57D1C68DFBC00575073 /* SpriteKitTestUITests.m in Sources */ = {isa = PBXBuildFile; fileRef = BB61F57C1C68DFBC00575073 /* SpriteKitTestUITests.m */; };
/* End PBXBuildFile section */

/* Begin PBXContainerItemProxy section */
		BB61F56E1C68DFBC00575073 /* PBXContainerItemProxy */ = {
			isa = PBXContainerItemProxy;
			containerPortal = BB61F5471C68DFBB00575073 /* Project object */;
			proxyType = 1;
			remoteGlobalIDString = BB61F54E1C68DFBB00575073;
			remoteInfo = SpriteKitTest;
		};
		BB61F5791C68DFBC00575073 /* PBXContainerItemProxy */ = {
			isa = PBXContainerItemProxy;
			containerPortal = BB61F5471C68DFBB00575073 /* Project object */;
			proxyType = 1;
			remoteGlobalIDString = BB61F54E1C68DFBB00575073;
			remoteInfo = SpriteKitTest;
		};
/* End PBXContainerItemProxy section */

/* Begin PBXFileReference section */
		BB61F54F1C68DFBB00575073 /* SpriteKitTest.app */ = {isa = PBXFileReference; explicitFileType = wrapper.application; includeInIndex = 0; path = SpriteKitTest.app; sourceTree = BUILT_PRODUCTS_DIR; };
		BB61F5531C68DFBC00575073 /* main.m */ = {isa = PBXFileReference; lastKnownFileType = sourcecode.c.objc; path = main.m; sourceTree = "<group>"; };
		BB61F5551C68DFBC00575073 /* AppDelegate.h */ = {isa = PBXFileReference; lastKnownFileType = sourcecode.c.h; path = AppDelegate.h; sourceTree = "<group>"; };
		BB61F5561C68DFBC00575073 /* AppDelegate.m */ = {isa = PBXFileReference; lastKnownFileType = sourcecode.c.objc; path = AppDelegate.m; sourceTree = "<group>"; };
		BB61F5581C68DFBC00575073 /* GameScene.h */ = {isa = PBXFileReference; lastKnownFileType = sourcecode.c.h; path = GameScene.h; sourceTree = "<group>"; };
		BB61F5591C68DFBC00575073 /* GameScene.m */ = {isa = PBXFileReference; lastKnownFileType = sourcecode.c.objc; path = GameScene.m; sourceTree = "<group>"; };
		BB61F55B1C68DFBC00575073 /* GameScene.sks */ = {isa = PBXFileReference; lastKnownFileType = file.sks; path = GameScene.sks; sourceTree = "<group>"; };
		BB61F55D1C68DFBC00575073 /* GameViewController.h */ = {isa = PBXFileReference; lastKnownFileType = sourcecode.c.h; path = GameViewController.h; sourceTree = "<group>"; };
		BB61F55E1C68DFBC00575073 /* GameViewController.m */ = {isa = PBXFileReference; lastKnownFileType = sourcecode.c.objc; path = GameViewController.m; sourceTree = "<group>"; };
		BB61F5611C68DFBC00575073 /* Base */ = {isa = PBXFileReference; lastKnownFileType = file.storyboard; name = Base; path = Base.lproj/Main.storyboard; sourceTree = "<group>"; };
		BB61F5631C68DFBC00575073 /* Assets.xcassets */ = {isa = PBXFileReference; lastKnownFileType = folder.assetcatalog; path = Assets.xcassets; sourceTree = "<group>"; };
		BB61F5661C68DFBC00575073 /* Base */ = {isa = PBXFileReference; lastKnownFileType = file.storyboard; name = Base; path = Base.lproj/LaunchScreen.storyboard; sourceTree = "<group>"; };
		BB61F5681C68DFBC00575073 /* Info.plist */ = {isa = PBXFileReference; lastKnownFileType = text.plist.xml; path = Info.plist; sourceTree = "<group>"; };
		BB61F56D1C68DFBC00575073 /* SpriteKitTestTests.xctest */ = {isa = PBXFileReference; explicitFileType = wrapper.cfbundle; includeInIndex = 0; path = SpriteKitTestTests.xctest; sourceTree = BUILT_PRODUCTS_DIR; };
		BB61F5711C68DFBC00575073 /* SpriteKitTestTests.m */ = {isa = PBXFileReference; lastKnownFileType = sourcecode.c.objc; path = SpriteKitTestTests.m; sourceTree = "<group>"; };
		BB61F5731C68DFBC00575073 /* Info.plist */ = {isa = PBXFileReference; lastKnownFileType = text.plist.xml; path = Info.plist; sourceTree = "<group>"; };
		BB61F5781C68DFBC00575073 /* SpriteKitTestUITests.xctest */ = {isa = PBXFileReference; explicitFileType = wrapper.cfbundle; includeInIndex = 0; path = SpriteKitTestUITests.xctest; sourceTree = BUILT_PRODUCTS_DIR; };
		BB61F57C1C68DFBC00575073 /* SpriteKitTestUITests.m */ = {isa = PBXFileReference; lastKnownFileType = sourcecode.c.objc; path = SpriteKitTestUITests.m; sourceTree = "<group>"; };
		BB61F57E1C68DFBC00575073 /* Info.plist */ = {isa = PBXFileReference; lastKnownFileType = text.plist.xml; path = Info.plist; sourceTree = "<group>"; };
/* End PBXFileReference section */

/* Begin PBXFrameworksBuildPhase section */
		BB61F54C1C68DFBB00575073 /* Frameworks */ = {
			isa = PBXFrameworksBuildPhase;
			buildActionMask = 2147483647;
			files = (
			);
			runOnlyForDeploymentPostprocessing = 0;
		};
		BB61F56A1C68DFBC00575073 /* Frameworks */ = {
			isa = PBXFrameworksBuildPhase;
			buildActionMask = 2147483647;
			files = (
			);
			runOnlyForDeploymentPostprocessing = 0;
		};
		BB61F5751C68DFBC00575073 /* Frameworks */ = {
			isa = PBXFrameworksBuildPhase;
			buildActionMask = 2147483647;
			files = (
			);
			runOnlyForDeploymentPostprocessing = 0;
		};
/* End PBXFrameworksBuildPhase section */

/* Begin PBXGroup section */
		BB61F5461C68DFBB00575073 = {
			isa = PBXGroup;
			children = (
				BB61F5511C68DFBB00575073 /* SpriteKitTest */,
				BB61F5701C68DFBC00575073 /* SpriteKitTestTests */,
				BB61F57B1C68DFBC00575073 /* SpriteKitTestUITests */,
				BB61F5501C68DFBB00575073 /* Products */,
			);
			sourceTree = "<group>";
		};
		BB61F5501C68DFBB00575073 /* Products */ = {
			isa = PBXGroup;
			children = (
				BB61F54F1C68DFBB00575073 /* SpriteKitTest.app */,
				BB61F56D1C68DFBC00575073 /* SpriteKitTestTests.xctest */,
				BB61F5781C68DFBC00575073 /* SpriteKitTestUITests.xctest */,
			);
			name = Products;
			sourceTree = "<group>";
		};
		BB61F5511C68DFBB00575073 /* SpriteKitTest */ = {
			isa = PBXGroup;
			children = (
				BB61F5551C68DFBC00575073 /* AppDelegate.h */,
				BB61F5561C68DFBC00575073 /* AppDelegate.m */,
				BB61F5581C68DFBC00575073 /* GameScene.h */,
				BB61F5591C68DFBC00575073 /* GameScene.m */,
				BB61F55B1C68DFBC00575073 /* GameScene.sks */,
				BB61F55D1C68DFBC00575073 /* GameViewController.h */,
				BB61F55E1C68DFBC00575073 /* GameViewController.m */,
				BB61F5601C68DFBC00575073 /* Main.storyboard */,
				BB61F5631C68DFBC00575073 /* Assets.xcassets */,
				BB61F5651C68DFBC00575073 /* LaunchScreen.storyboard */,
				BB61F5681C68DFBC00575073 /* Info.plist */,
				BB61F5521C68DFBC00575073 /* Supporting Files */,
			);
			path = SpriteKitTest;
			sourceTree = "<group>";
		};
		BB61F5521C68DFBC00575073 /* Supporting Files */ = {
			isa = PBXGroup;
			children = (
				BB61F5531C68DFBC00575073 /* main.m */,
			);
			name = "Supporting Files";
			sourceTree = "<group>";
		};
		BB61F5701C68DFBC00575073 /* SpriteKitTestTests */ = {
			isa = PBXGroup;
			children = (
				BB61F5711C68DFBC00575073 /* SpriteKitTestTests.m */,
				BB61F5731C68DFBC00575073 /* Info.plist */,
			);
			path = SpriteKitTestTests;
			sourceTree = "<group>";
		};
		BB61F57B1C68DFBC00575073 /* SpriteKitTestUITests */ = {
			isa = PBXGroup;
			children = (
				BB61F57C1C68DFBC00575073 /* SpriteKitTestUITests.m */,
				BB61F57E1C68DFBC00575073 /* Info.plist */,
			);
			path = SpriteKitTestUITests;
			sourceTree = "<group>";
		};
/* End PBXGroup section */

/* Begin PBXNativeTarget section */
		BB61F54E1C68DFBB00575073 /* SpriteKitTest */ = {
			isa = PBXNativeTarget;
			buildConfigurationList = BB61F5811C68DFBC00575073 /* Build configuration list for PBXNativeTarget "SpriteKitTest" */;
			buildPhases = (
				BB61F54B1C68DFBB00575073 /* Sources */,
				BB61F54C1C68DFBB00575073 /* Frameworks */,
				BB61F54D1C68DFBB00575073 /* Resources */,
			);
			buildRules = (
			);
			dependencies = (
			);
			name = SpriteKitTest;
			productName = SpriteKitTest;
			productReference = BB61F54F1C68DFBB00575073 /* SpriteKitTest.app */;
			productType = "com.apple.product-type.application";
		};
		BB61F56C1C68DFBC00575073 /* SpriteKitTestTests */ = {
			isa = PBXNativeTarget;
			buildConfigurationList = BB61F5841C68DFBC00575073 /* Build configuration list for PBXNativeTarget "SpriteKitTestTests" */;
			buildPhases = (
				BB61F5691C68DFBC00575073 /* Sources */,
				BB61F56A1C68DFBC00575073 /* Frameworks */,
				BB61F56B1C68DFBC00575073 /* Resources */,
			);
			buildRules = (
			);
			dependencies = (
				BB61F56F1C68DFBC00575073 /* PBXTargetDependency */,
			);
			name = SpriteKitTestTests;
			productName = SpriteKitTestTests;
			productReference = BB61F56D1C68DFBC00575073 /* SpriteKitTestTests.xctest */;
			productType = "com.apple.product-type.bundle.unit-test";
		};
		BB61F5771C68DFBC00575073 /* SpriteKitTestUITests */ = {
			isa = PBXNativeTarget;
			buildConfigurationList = BB61F5871C68DFBC00575073 /* Build configuration list for PBXNativeTarget "SpriteKitTestUITests" */;
			buildPhases = (
				BB61F5741C68DFBC00575073 /* Sources */,
				BB61F5751C68DFBC00575073 /* Frameworks */,
				BB61F5761C68DFBC00575073 /* Resources */,
			);
			buildRules = (
			);
			dependencies = (
				BB61F57A1C68DFBC00575073 /* PBXTargetDependency */,
			);
			name = SpriteKitTestUITests;
			productName = SpriteKitTestUITests;
			productReference = BB61F5781C68DFBC00575073 /* SpriteKitTestUITests.xctest */;
			productType = "com.apple.product-type.bundle.ui-testing";
		};
/* End PBXNativeTarget section */

/* Begin PBXProject section */
		BB61F5471C68DFBB00575073 /* Project object */ = {
			isa = PBXProject;
			attributes = {
				LastUpgradeCheck = 0720;
				ORGANIZATIONNAME = EasyDev;
				TargetAttributes = {
					BB61F54E1C68DFBB00575073 = {
						CreatedOnToolsVersion = 7.2;
					};
					BB61F56C1C68DFBC00575073 = {
						CreatedOnToolsVersion = 7.2;
						TestTargetID = BB61F54E1C68DFBB00575073;
					};
					BB61F5771C68DFBC00575073 = {
						CreatedOnToolsVersion = 7.2;
						TestTargetID = BB61F54E1C68DFBB00575073;
					};
				};
			};
			buildConfigurationList = BB61F54A1C68DFBB00575073 /* Build configuration list for PBXProject "SpriteKitTest" */;
			compatibilityVersion = "Xcode 3.2";
			developmentRegion = English;
			hasScannedForEncodings = 0;
			knownRegions = (
				en,
				Base,
			);
			mainGroup = BB61F5461C68DFBB00575073;
			productRefGroup = BB61F5501C68DFBB00575073 /* Products */;
			projectDirPath = "";
			projectRoot = "";
			targets = (
				BB61F54E1C68DFBB00575073 /* SpriteKitTest */,
				BB61F56C1C68DFBC00575073 /* SpriteKitTestTests */,
				BB61F5771C68DFBC00575073 /* SpriteKitTestUITests */,
			);
		};
/* End PBXProject section */

/* Begin PBXResourcesBuildPhase section */
		BB61F54D1C68DFBB00575073 /* Resources */ = {
			isa = PBXResourcesBuildPhase;
			buildActionMask = 2147483647;
			files = (
				BB61F55C1C68DFBC00575073 /* GameScene.sks in Resources */,
				BB61F5671C68DFBC00575073 /* LaunchScreen.storyboard in Resources */,
				BB61F5641C68DFBC00575073 /* Assets.xcassets in Resources */,
				BB61F5621C68DFBC00575073 /* Main.storyboard in Resources */,
			);
			runOnlyForDeploymentPostprocessing = 0;
		};
		BB61F56B1C68DFBC00575073 /* Resources */ = {
			isa = PBXResourcesBuildPhase;
			buildActionMask = 2147483647;
			files = (
			);
			runOnlyForDeploymentPostprocessing = 0;
		};
		BB61F5761C68DFBC00575073 /* Resources */ = {
			isa = PBXResourcesBuildPhase;
			buildActionMask = 2147483647;
			files = (
			);
			runOnlyForDeploymentPostprocessing = 0;
		};
/* End PBXResourcesBuildPhase section */

/* Begin PBXSourcesBuildPhase section */
		BB61F54B1C68DFBB00575073 /* Sources */ = {
			isa = PBXSourcesBuildPhase;
			buildActionMask = 2147483647;
			files = (
				BB61F55F1C68DFBC00575073 /* GameViewController.m in Sources */,
				BB61F5571C68DFBC00575073 /* AppDelegate.m in Sources */,
				BB61F55A1C68DFBC00575073 /* GameScene.m in Sources */,
				BB61F5541C68DFBC00575073 /* main.m in Sources */,
			);
			runOnlyForDeploymentPostprocessing = 0;
		};
		BB61F5691C68DFBC00575073 /* Sources */ = {
			isa = PBXSourcesBuildPhase;
			buildActionMask = 2147483647;
			files = (
				BB61F5721C68DFBC00575073 /* SpriteKitTestTests.m in Sources */,
			);
			runOnlyForDeploymentPostprocessing = 0;
		};
		BB61F5741C68DFBC00575073 /* Sources */ = {
			isa = PBXSourcesBuildPhase;
			buildActionMask = 2147483647;
			files = (
				BB61F57D1C68DFBC00575073 /* SpriteKitTestUITests.m in Sources */,
			);
			runOnlyForDeploymentPostprocessing = 0;
		};
/* End PBXSourcesBuildPhase section */

/* Begin PBXTargetDependency section */
		BB61F56F1C68DFBC00575073 /* PBXTargetDependency */ = {
			isa = PBXTargetDependency;
			target = BB61F54E1C68DFBB00575073 /* SpriteKitTest */;
			targetProxy = BB61F56E1C68DFBC00575073 /* PBXContainerItemProxy */;
		};
		BB61F57A1C68DFBC00575073 /* PBXTargetDependency */ = {
			isa = PBXTargetDependency;
			target = BB61F54E1C68DFBB00575073 /* SpriteKitTest */;
			targetProxy = BB61F5791C68DFBC00575073 /* PBXContainerItemProxy */;
		};
/* End PBXTargetDependency section */

/* Begin PBXVariantGroup section */
		BB61F5601C68DFBC00575073 /* Main.storyboard */ = {
			isa = PBXVariantGroup;
			children = (
				BB61F5611C68DFBC00575073 /* Base */,
			);
			name = Main.storyboard;
			sourceTree = "<group>";
		};
		BB61F5651C68DFBC00575073 /* LaunchScreen.storyboard */ = {
			isa = PBXVariantGroup;
			children = (
				BB61F5661C68DFBC00575073 /* Base */,
			);
			name = LaunchScreen.storyboard;
			sourceTree = "<group>";
		};
/* End PBXVariantGroup section */

/* Begin XCBuildConfiguration section */
		BB61F57F1C68DFBC00575073 /* Debug */ = {
			isa = XCBuildConfiguration;
			buildSettings = {
				ALWAYS_SEARCH_USER_PATHS = NO;
				CLANG_CXX_LANGUAGE_STANDARD = "gnu++0x";
				CLANG_CXX_LIBRARY = "libc++";
				CLANG_ENABLE_MODULES = YES;
				CLANG_ENABLE_OBJC_ARC = YES;
				CLANG_WARN_BOOL_CONVERSION = YES;
				CLANG_WARN_CONSTANT_CONVERSION = YES;
				CLANG_WARN_DIRECT_OBJC_ISA_USAGE = YES_ERROR;
				CLANG_WARN_EMPTY_BODY = YES;
				CLANG_WARN_ENUM_CONVERSION = YES;
				CLANG_WARN_INT_CONVERSION = YES;
				CLANG_WARN_OBJC_ROOT_CLASS = YES_ERROR;
				CLANG_WARN_UNREACHABLE_CODE = YES;
				CLANG_WARN__DUPLICATE_METHOD_MATCH = YES;
				"CODE_SIGN_IDENTITY[sdk=iphoneos*]" = "iPhone Developer";
				COPY_PHASE_STRIP = NO;
				DEBUG_INFORMATION_FORMAT = "dwarf-with-dsym";
				ENABLE_STRICT_OBJC_MSGSEND = YES;
				ENABLE_TESTABILITY = YES;
				GCC_C_LANGUAGE_STANDARD = gnu99;
				GCC_DYNAMIC_NO_PIC = NO;
				GCC_NO_COMMON_BLOCKS = YES;
				GCC_OPTIMIZATION_LEVEL = 0;
				GCC_PREPROCESSOR_DEFINITIONS = (
					"DEBUG=1",
					"$(inherited)",
				);
				GCC_WARN_64_TO_32_BIT_CONVERSION = YES;
				GCC_WARN_ABOUT_RETURN_TYPE = YES_ERROR;
				GCC_WARN_UNDECLARED_SELECTOR = YES;
				GCC_WARN_UNINITIALIZED_AUTOS = YES_AGGRESSIVE;
				GCC_WARN_UNUSED_FUNCTION = YES;
				GCC_WARN_UNUSED_VARIABLE = YES;
				IPHONEOS_DEPLOYMENT_TARGET = 9.2;
				MTL_ENABLE_DEBUG_INFO = YES;
				ONLY_ACTIVE_ARCH = YES;
				SDKROOT = iphoneos;
				TARGETED_DEVICE_FAMILY = "1,2";
			};
			name = Debug;
		};
		BB61F5801C68DFBC00575073 /* Release */ = {
			isa = XCBuildConfiguration;
			buildSettings = {
				ALWAYS_SEARCH_USER_PATHS = NO;
				CLANG_CXX_LANGUAGE_STANDARD = "gnu++0x";
				CLANG_CXX_LIBRARY = "libc++";
				CLANG_ENABLE_MODULES = YES;
				CLANG_ENABLE_OBJC_ARC = YES;
				CLANG_WARN_BOOL_CONVERSION = YES;
				CLANG_WARN_CONSTANT_CONVERSION = YES;
				CLANG_WARN_DIRECT_OBJC_ISA_USAGE = YES_ERROR;
				CLANG_WARN_EMPTY_BODY = YES;
				CLANG_WARN_ENUM_CONVERSION = YES;
				CLANG_WARN_INT_CONVERSION = YES;
				CLANG_WARN_OBJC_ROOT_CLASS = YES_ERROR;
				CLANG_WARN_UNREACHABLE_CODE = YES;
				CLANG_WARN__DUPLICATE_METHOD_MATCH = YES;
				"CODE_SIGN_IDENTITY[sdk=iphoneos*]" = "iPhone Developer";
				COPY_PHASE_STRIP = NO;
				DEBUG_INFORMATION_FORMAT = "dwarf-with-dsym";
				ENABLE_NS_ASSERTIONS = NO;
				ENABLE_STRICT_OBJC_MSGSEND = YES;
				GCC_C_LANGUAGE_STANDARD = gnu99;
				GCC_NO_COMMON_BLOCKS = YES;
				GCC_WARN_64_TO_32_BIT_CONVERSION = YES;
				GCC_WARN_ABOUT_RETURN_TYPE = YES_ERROR;
				GCC_WARN_UNDECLARED_SELECTOR = YES;
				GCC_WARN_UNINITIALIZED_AUTOS = YES_AGGRESSIVE;
				GCC_WARN_UNUSED_FUNCTION = YES;
				GCC_WARN_UNUSED_VARIABLE = YES;
				IPHONEOS_DEPLOYMENT_TARGET = 9.2;
				MTL_ENABLE_DEBUG_INFO = NO;
				SDKROOT = iphoneos;
				TARGETED_DEVICE_FAMILY = "1,2";
				VALIDATE_PRODUCT = YES;
			};
			name = Release;
		};
		BB61F5821C68DFBC00575073 /* Debug */ = {
			isa = XCBuildConfiguration;
			buildSettings = {
				ASSETCATALOG_COMPILER_APPICON_NAME = AppIcon;
				INFOPLIST_FILE = SpriteKitTest/Info.plist;
				LD_RUNPATH_SEARCH_PATHS = "$(inherited) @executable_path/Frameworks";
				PRODUCT_BUNDLE_IDENTIFIER = com.easydev.SpriteKitTest;
				PRODUCT_NAME = "$(TARGET_NAME)";
			};
			name = Debug;
		};
		BB61F5831C68DFBC00575073 /* Release */ = {
			isa = XCBuildConfiguration;
			buildSettings = {
				ASSETCATALOG_COMPILER_APPICON_NAME = AppIcon;
				INFOPLIST_FILE = SpriteKitTest/Info.plist;
				LD_RUNPATH_SEARCH_PATHS = "$(inherited) @executable_path/Frameworks";
				PRODUCT_BUNDLE_IDENTIFIER = com.easydev.SpriteKitTest;
				PRODUCT_NAME = "$(TARGET_NAME)";
			};
			name = Release;
		};
		BB61F5851C68DFBC00575073 /* Debug */ = {
			isa = XCBuildConfiguration;
			buildSettings = {
				BUNDLE_LOADER = "$(TEST_HOST)";
				DEBUG_INFORMATION_FORMAT = dwarf;
				INFOPLIST_FILE = SpriteKitTestTests/Info.plist;
				LD_RUNPATH_SEARCH_PATHS = "$(inherited) @executable_path/Frameworks @loader_path/Frameworks";
				PRODUCT_BUNDLE_IDENTIFIER = com.easydev.SpriteKitTestTests;
				PRODUCT_NAME = "$(TARGET_NAME)";
				TEST_HOST = "$(BUILT_PRODUCTS_DIR)/SpriteKitTest.app/SpriteKitTest";
			};
			name = Debug;
		};
		BB61F5861C68DFBC00575073 /* Release */ = {
			isa = XCBuildConfiguration;
			buildSettings = {
				BUNDLE_LOADER = "$(TEST_HOST)";
				INFOPLIST_FILE = SpriteKitTestTests/Info.plist;
				LD_RUNPATH_SEARCH_PATHS = "$(inherited) @executable_path/Frameworks @loader_path/Frameworks";
				PRODUCT_BUNDLE_IDENTIFIER = com.easydev.SpriteKitTestTests;
				PRODUCT_NAME = "$(TARGET_NAME)";
				TEST_HOST = "$(BUILT_PRODUCTS_DIR)/SpriteKitTest.app/SpriteKitTest";
			};
			name = Release;
		};
		BB61F5881C68DFBC00575073 /* Debug */ = {
			isa = XCBuildConfiguration;
			buildSettings = {
				DEBUG_INFORMATION_FORMAT = dwarf;
				INFOPLIST_FILE = SpriteKitTestUITests/Info.plist;
				LD_RUNPATH_SEARCH_PATHS = "$(inherited) @executable_path/Frameworks @loader_path/Frameworks";
				PRODUCT_BUNDLE_IDENTIFIER = com.easydev.SpriteKitTestUITests;
				PRODUCT_NAME = "$(TARGET_NAME)";
				TEST_TARGET_NAME = SpriteKitTest;
				USES_XCTRUNNER = YES;
			};
			name = Debug;
		};
		BB61F5891C68DFBC00575073 /* Release */ = {
			isa = XCBuildConfiguration;
			buildSettings = {
				INFOPLIST_FILE = SpriteKitTestUITests/Info.plist;
				LD_RUNPATH_SEARCH_PATHS = "$(inherited) @executable_path/Frameworks @loader_path/Frameworks";
				PRODUCT_BUNDLE_IDENTIFIER = com.easydev.SpriteKitTestUITests;
				PRODUCT_NAME = "$(TARGET_NAME)";
				TEST_TARGET_NAME = SpriteKitTest;
				USES_XCTRUNNER = YES;
			};
			name = Release;
		};
/* End XCBuildConfiguration section */

/* Begin XCConfigurationList section */
		BB61F54A1C68DFBB00575073 /* Build configuration list for PBXProject "SpriteKitTest" */ = {
			isa = XCConfigurationList;
			buildConfigurations = (
				BB61F57F1C68DFBC00575073 /* Debug */,
				BB61F5801C68DFBC00575073 /* Release */,
			);
			defaultConfigurationIsVisible = 0;
			defaultConfigurationName = Release;
		};
		BB61F5811C68DFBC00575073 /* Build configuration list for PBXNativeTarget "SpriteKitTest" */ = {
			isa = XCConfigurationList;
			buildConfigurations = (
				BB61F5821C68DFBC00575073 /* Debug */,
				BB61F5831C68DFBC00575073 /* Release */,
			);
			defaultConfigurationIsVisible = 0;
		};
		BB61F5841C68DFBC00575073 /* Build configuration list for PBXNativeTarget "SpriteKitTestTests" */ = {
			isa = XCConfigurationList;
			buildConfigurations = (
				BB61F5851C68DFBC00575073 /* Debug */,
				BB61F5861C68DFBC00575073 /* Release */,
			);
			defaultConfigurationIsVisible = 0;
		};
		BB61F5871C68DFBC00575073 /* Build configuration list for PBXNativeTarget "SpriteKitTestUITests" */ = {
			isa = XCConfigurationList;
			buildConfigurations = (
				BB61F5881C68DFBC00575073 /* Debug */,
				BB61F5891C68DFBC00575073 /* Release */,
			);
			defaultConfigurationIsVisible = 0;
		};
/* End XCConfigurationList section */
	};
	rootObject = BB61F5471C68DFBB00575073 /* Project object */;
}
